
Microsoft Visual Studio Solution File, Format Version 12.00
# Visual Studio Version 16
VisualStudioVersion = 25.0.1706.6
MinimumVisualStudioVersion = 10.0.40219.1
Project("{FAE04EC0-301F-11D3-BF4B-00C04F79EFBC}") = "CodeChallenge.Web", "CodeChallenge.Web\CodeChallenge.Web.csproj", "{D06BF056-3ED5-4A8A-9761-0313B6169CBD}"
EndProject
Project("{FAE04EC0-301F-11D3-BF4B-00C04F79EFBC}") = "CodeChallenge.Core", "CodeChallenge.Core\CodeChallenge.Core.csproj", "{E51C4556-07D5-49AA-B482-6511D674EBE6}"
EndProject
Global
	GlobalSection(SolutionConfigurationPlatforms) = preSolution
		Debug|Any CPU = Debug|Any CPU
		Release|Any CPU = Release|Any CPU
	EndGlobalSection
	GlobalSection(ProjectConfigurationPlatforms) = postSolution
		{D06BF056-3ED5-4A8A-9761-0313B6169CBD}.Debug|Any CPU.ActiveCfg = Debug|Any CPU
		{D06BF056-3ED5-4A8A-9761-0313B6169CBD}.Debug|Any CPU.Build.0 = Debug|Any CPU
		{D06BF056-3ED5-4A8A-9761-0313B6169CBD}.Release|Any CPU.ActiveCfg = Release|Any CPU
		{D06BF056-3ED5-4A8A-9761-0313B6169CBD}.Release|Any CPU.Build.0 = Release|Any CPU
		{E51C4556-07D5-49AA-B482-6511D674EBE6}.Debug|Any CPU.ActiveCfg = Debug|Any CPU
		{E51C4556-07D5-49AA-B482-6511D674EBE6}.Debug|Any CPU.Build.0 = Debug|Any CPU
		{E51C4556-07D5-49AA-B482-6511D674EBE6}.Release|Any CPU.ActiveCfg = Release|Any CPU
		{E51C4556-07D5-49AA-B482-6511D674EBE6}.Release|Any CPU.Build.0 = Release|Any CPU
	EndGlobalSection
	GlobalSection(SolutionProperties) = preSolution
		HideSolutionNode = FALSE
	EndGlobalSection
	GlobalSection(ExtensibilityGlobals) = postSolution
		SolutionGuid = {61346723-3577-4499-A8A1-517C434E10D2}
	EndGlobalSection
EndGlobal
